{
  "originHash" : "1d84ee79c098d12fabbc80b30150f42aa5fce1751a3938a920e0dabe7e770427",
  "pins" : [
    {
      "identity" : "sdk-mobile-ios-native",
      "kind" : "remoteSourceControl",
      "location" : "https://www.github.com/Strivacity/sdk-mobile-ios-native",
      "state" : {
        "branch" : "main",
        "revision" : "7a291479557d5fc587b0c02e4e920d03955aa674"
      }
    }
  ],
  "version" : 3
}
